
Microsoft Visual Studio Solution File, Format Version 12.00
# Visual Studio Version 17
VisualStudioVersion = 17.5.002.0
MinimumVisualStudioVersion = 10.0.40219.1
Project("{9A19103F-16F7-4668-BE54-9A1E7A4F7556}") = "LC-API", "LC-API.csproj", "{9332D478-E5CD-438D-9EF9-465197CAFD0B}"
EndProject
Global
	GlobalSection(SolutionConfigurationPlatforms) = preSolution
		Debug|Any CPU = Debug|Any CPU
		Release|Any CPU = Release|Any CPU
	EndGlobalSection
	GlobalSection(ProjectConfigurationPlatforms) = postSolution
		{9332D478-E5CD-438D-9EF9-465197CAFD0B}.Debug|Any CPU.ActiveCfg = Debug|Any CPU
		{9332D478-E5CD-438D-9EF9-465197CAFD0B}.Debug|Any CPU.Build.0 = Debug|Any CPU
		{9332D478-E5CD-438D-9EF9-465197CAFD0B}.Release|Any CPU.ActiveCfg = Release|Any CPU
		{9332D478-E5CD-438D-9EF9-465197CAFD0B}.Release|Any CPU.Build.0 = Release|Any CPU
	EndGlobalSection
	GlobalSection(SolutionProperties) = preSolution
		HideSolutionNode = FALSE
	EndGlobalSection
	GlobalSection(ExtensibilityGlobals) = postSolution
		SolutionGuid = {F8D3253D-ECC9-4B39-BA3B-8893E4F27D6A}
	EndGlobalSection
EndGlobal
